
Microsoft Visual Studio Solution File, Format Version 12.00
# Visual Studio Version 16
VisualStudioVersion = 16.0.33214.272
MinimumVisualStudioVersion = 10.0.40219.1
Project("{FAE04EC0-301F-11D3-BF4B-00C04F79EFBC}") = "Lesser Angle", "Lesser Angle.csproj", "{B2CE8179-5918-4888-941D-247F9F3B2BBB}"
EndProject
Global
	GlobalSection(SolutionConfigurationPlatforms) = preSolution
		Debug|Any CPU = Debug|Any CPU
		Release|Any CPU = Release|Any CPU
	EndGlobalSection
	GlobalSection(ProjectConfigurationPlatforms) = postSolution
		{B2CE8179-5918-4888-941D-247F9F3B2BBB}.Debug|Any CPU.ActiveCfg = Debug|Any CPU
		{B2CE8179-5918-4888-941D-247F9F3B2BBB}.Debug|Any CPU.Build.0 = Debug|Any CPU
		{B2CE8179-5918-4888-941D-247F9F3B2BBB}.Release|Any CPU.ActiveCfg = Release|Any CPU
		{B2CE8179-5918-4888-941D-247F9F3B2BBB}.Release|Any CPU.Build.0 = Release|Any CPU
	EndGlobalSection
	GlobalSection(SolutionProperties) = preSolution
		HideSolutionNode = FALSE
	EndGlobalSection
	GlobalSection(ExtensibilityGlobals) = postSolution
		SolutionGuid = {794EDA58-9DB2-45AB-A40E-68EC4AF7EF25}
	EndGlobalSection
EndGlobal
